github.com/caos/logging v0.0.2 h1:ebg5C/HN0ludYR+WkvnFjwSExF4wvyiWPyWGcKMYsoo=
github.com/caos/logging v0.0.2/go.mod h1:9LKiDE2ChuGv6CHYif/kiugrfEXu9AwDiFWSreX7Wp0=
github.com/caos/oidc v0.15.12 h1:vBVOsQlFCfW7fV43acxkg2V0NHh0NWA4lWzWiJ6LgOk=
github.com/caos/oidc v0.15.12/go.mod h1:4l0PPwdc6BbrdCFhNrRTUddsG292uHGa7gE2DSEIqoU=
github.com/gorilla/mux v1.8.0 h1:i40aqfkR1h2SlN9hojwV5ZA91wcXFOvkdNIeFDP5koI=
github.com/gorilla/mux v1.8.0/go.mod h1:DVbg23sWSpFRCP0SfiEN6jmj59UnW/n46BH5rLB71So=
